
Microsoft Visual Studio Solution File, Format Version 12.00
# Visual Studio 2012
Project("{FAE04EC0-301F-11D3-BF4B-00C04F79EFBC}") = "Digger", "Digger\Digger.csproj", "{839056CC-701B-44AD-AABA-D7F5032D3FC0}"
EndProject
Global
	GlobalSection(SolutionConfigurationPlatforms) = preSolution
		Debug|x86 = Debug|x86
		Release|x86 = Release|x86
	EndGlobalSection
	GlobalSection(ProjectConfigurationPlatforms) = postSolution
		{839056CC-701B-44AD-AABA-D7F5032D3FC0}.Debug|x86.ActiveCfg = Debug|x86
		{839056CC-701B-44AD-AABA-D7F5032D3FC0}.Debug|x86.Build.0 = Debug|x86
		{839056CC-701B-44AD-AABA-D7F5032D3FC0}.Release|x86.ActiveCfg = Release|x86
		{839056CC-701B-44AD-AABA-D7F5032D3FC0}.Release|x86.Build.0 = Release|x86
	EndGlobalSection
	GlobalSection(SolutionProperties) = preSolution
		HideSolutionNode = FALSE
	EndGlobalSection
EndGlobal
